
Microsoft Visual Studio Solution File, Format Version 12.00
# Visual Studio Version 16
VisualStudioVersion = 16.0.31624.102
MinimumVisualStudioVersion = 10.0.40219.1
Project("{FAE04EC0-301F-11D3-BF4B-00C04F79EFBC}") = "Лабораторная работа №3", "Лабораторная работа №3.csproj", "{7F24D51F-45C3-4868-B5C0-00C4F05F2821}"
EndProject
Project("{FAE04EC0-301F-11D3-BF4B-00C04F79EFBC}") = "Лабораторная работа №3Tests", "..\Лабораторная работа №3Tests\Лабораторная работа №3Tests.csproj", "{7BC52F43-33D2-427F-AAE2-3A80C9FED5FB}"
EndProject
Global
	GlobalSection(SolutionConfigurationPlatforms) = preSolution
		Debug|Any CPU = Debug|Any CPU
		Release|Any CPU = Release|Any CPU
	EndGlobalSection
	GlobalSection(ProjectConfigurationPlatforms) = postSolution
		{7F24D51F-45C3-4868-B5C0-00C4F05F2821}.Debug|Any CPU.ActiveCfg = Debug|Any CPU
		{7F24D51F-45C3-4868-B5C0-00C4F05F2821}.Debug|Any CPU.Build.0 = Debug|Any CPU
		{7F24D51F-45C3-4868-B5C0-00C4F05F2821}.Release|Any CPU.ActiveCfg = Release|Any CPU
		{7F24D51F-45C3-4868-B5C0-00C4F05F2821}.Release|Any CPU.Build.0 = Release|Any CPU
		{7BC52F43-33D2-427F-AAE2-3A80C9FED5FB}.Debug|Any CPU.ActiveCfg = Debug|Any CPU
		{7BC52F43-33D2-427F-AAE2-3A80C9FED5FB}.Debug|Any CPU.Build.0 = Debug|Any CPU
		{7BC52F43-33D2-427F-AAE2-3A80C9FED5FB}.Release|Any CPU.ActiveCfg = Release|Any CPU
		{7BC52F43-33D2-427F-AAE2-3A80C9FED5FB}.Release|Any CPU.Build.0 = Release|Any CPU
	EndGlobalSection
	GlobalSection(SolutionProperties) = preSolution
		HideSolutionNode = FALSE
	EndGlobalSection
	GlobalSection(ExtensibilityGlobals) = postSolution
		SolutionGuid = {DFA1A648-C345-4B3B-817C-D025065102D5}
	EndGlobalSection
EndGlobal
